
Microsoft Visual Studio Solution File, Format Version 12.00
# Visual Studio Version 16
VisualStudioVersion = 16.0.31005.135
MinimumVisualStudioVersion = 10.0.40219.1
Project("{9A19103F-16F7-4668-BE54-9A1E7A4F7556}") = "coreLib", "coreLib\coreLib.csproj", "{11371396-5D06-44DD-901F-66EF37EC6D0C}"
EndProject
Project("{9A19103F-16F7-4668-BE54-9A1E7A4F7556}") = "Fax", "Fax\Fax.csproj", "{4BF0692C-75CD-4423-8F76-4B873D4031A2}"
EndProject
Project("{9A19103F-16F7-4668-BE54-9A1E7A4F7556}") = "Independent", "Independent\Independent.csproj", "{4A5873B3-BEB4-44DF-9163-2FDB5D245E4E}"
EndProject
Project("{9A19103F-16F7-4668-BE54-9A1E7A4F7556}") = "Printer", "Printer\Printer.csproj", "{D7BAE888-C237-42B6-A7FA-B5CD5D934800}"
EndProject
Project("{9A19103F-16F7-4668-BE54-9A1E7A4F7556}") = "TestLibraries", "TestLibraries\TestLibraries.csproj", "{DF8D711A-CD31-4AE6-BA7C-F2EA10BC7EB5}"
EndProject
Global
	GlobalSection(SolutionConfigurationPlatforms) = preSolution
		Debug|Any CPU = Debug|Any CPU
		Release|Any CPU = Release|Any CPU
	EndGlobalSection
	GlobalSection(ProjectConfigurationPlatforms) = postSolution
		{11371396-5D06-44DD-901F-66EF37EC6D0C}.Debug|Any CPU.ActiveCfg = Debug|Any CPU
		{11371396-5D06-44DD-901F-66EF37EC6D0C}.Debug|Any CPU.Build.0 = Debug|Any CPU
		{11371396-5D06-44DD-901F-66EF37EC6D0C}.Release|Any CPU.ActiveCfg = Release|Any CPU
		{11371396-5D06-44DD-901F-66EF37EC6D0C}.Release|Any CPU.Build.0 = Release|Any CPU
		{4BF0692C-75CD-4423-8F76-4B873D4031A2}.Debug|Any CPU.ActiveCfg = Debug|Any CPU
		{4BF0692C-75CD-4423-8F76-4B873D4031A2}.Debug|Any CPU.Build.0 = Debug|Any CPU
		{4BF0692C-75CD-4423-8F76-4B873D4031A2}.Release|Any CPU.ActiveCfg = Release|Any CPU
		{4BF0692C-75CD-4423-8F76-4B873D4031A2}.Release|Any CPU.Build.0 = Release|Any CPU
		{4A5873B3-BEB4-44DF-9163-2FDB5D245E4E}.Debug|Any CPU.ActiveCfg = Debug|Any CPU
		{4A5873B3-BEB4-44DF-9163-2FDB5D245E4E}.Debug|Any CPU.Build.0 = Debug|Any CPU
		{4A5873B3-BEB4-44DF-9163-2FDB5D245E4E}.Release|Any CPU.ActiveCfg = Release|Any CPU
		{4A5873B3-BEB4-44DF-9163-2FDB5D245E4E}.Release|Any CPU.Build.0 = Release|Any CPU
		{D7BAE888-C237-42B6-A7FA-B5CD5D934800}.Debug|Any CPU.ActiveCfg = Debug|Any CPU
		{D7BAE888-C237-42B6-A7FA-B5CD5D934800}.Debug|Any CPU.Build.0 = Debug|Any CPU
		{D7BAE888-C237-42B6-A7FA-B5CD5D934800}.Release|Any CPU.ActiveCfg = Release|Any CPU
		{D7BAE888-C237-42B6-A7FA-B5CD5D934800}.Release|Any CPU.Build.0 = Release|Any CPU
		{DF8D711A-CD31-4AE6-BA7C-F2EA10BC7EB5}.Debug|Any CPU.ActiveCfg = Debug|Any CPU
		{DF8D711A-CD31-4AE6-BA7C-F2EA10BC7EB5}.Debug|Any CPU.Build.0 = Debug|Any CPU
		{DF8D711A-CD31-4AE6-BA7C-F2EA10BC7EB5}.Release|Any CPU.ActiveCfg = Release|Any CPU
		{DF8D711A-CD31-4AE6-BA7C-F2EA10BC7EB5}.Release|Any CPU.Build.0 = Release|Any CPU
	EndGlobalSection
	GlobalSection(SolutionProperties) = preSolution
		HideSolutionNode = FALSE
	EndGlobalSection
	GlobalSection(ExtensibilityGlobals) = postSolution
		SolutionGuid = {D4827D52-FA0F-4E4D-B633-98F1B0459F12}
	EndGlobalSection
EndGlobal
