
Microsoft Visual Studio Solution File, Format Version 12.00
# Visual Studio Version 16
VisualStudioVersion = 16.0.31005.135
MinimumVisualStudioVersion = 10.0.40219.1
Project("{9A19103F-16F7-4668-BE54-9A1E7A4F7556}") = "coreLib", "coreLib\coreLib.csproj", "{EE408784-64EE-46F6-8CA0-DB584D551D30}"
EndProject
Project("{9A19103F-16F7-4668-BE54-9A1E7A4F7556}") = "Fax", "Fax\Fax.csproj", "{D7BEDFB2-53F8-4EF5-8BE1-D74AC4B6E17D}"
EndProject
Project("{9A19103F-16F7-4668-BE54-9A1E7A4F7556}") = "Independent", "Independent\Independent.csproj", "{A4B3EF22-5357-410F-9EB5-45C09A178F85}"
EndProject
Project("{9A19103F-16F7-4668-BE54-9A1E7A4F7556}") = "Printer", "Printer\Printer.csproj", "{7FBCC896-D2E2-4C28-AF5F-9DC459155745}"
EndProject
Project("{9A19103F-16F7-4668-BE54-9A1E7A4F7556}") = "TestLibraries", "..\tests\TestLibraries\TestLibraries.csproj", "{5EEACEEC-57B6-4468-B326-2432BC635A0F}"
EndProject
Project("{2150E333-8FDC-42A3-9474-1A3956D46DE8}") = "Solution Items", "Solution Items", "{8CA8F436-4092-4907-9508-0631BE77CD5B}"
	ProjectSection(SolutionItems) = preProject
		..\.slugci\SlugCI_Config.json = ..\.slugci\SlugCI_Config.json
	EndProjectSection
EndProject
Project("{FAE04EC0-301F-11D3-BF4B-00C04F79EFBC}") = "ToolExample", "ToolExample\ToolExample.csproj", "{0599F189-C35C-4B85-A62D-82EBC94B115C}"
EndProject
Global
	GlobalSection(SolutionConfigurationPlatforms) = preSolution
		Debug|Any CPU = Debug|Any CPU
		Debug|x64 = Debug|x64
		Debug|x86 = Debug|x86
		Release|Any CPU = Release|Any CPU
		Release|x64 = Release|x64
		Release|x86 = Release|x86
	EndGlobalSection
	GlobalSection(ProjectConfigurationPlatforms) = postSolution
		{EE408784-64EE-46F6-8CA0-DB584D551D30}.Debug|Any CPU.ActiveCfg = Debug|Any CPU
		{EE408784-64EE-46F6-8CA0-DB584D551D30}.Debug|Any CPU.Build.0 = Debug|Any CPU
		{EE408784-64EE-46F6-8CA0-DB584D551D30}.Debug|x64.ActiveCfg = Debug|Any CPU
		{EE408784-64EE-46F6-8CA0-DB584D551D30}.Debug|x64.Build.0 = Debug|Any CPU
		{EE408784-64EE-46F6-8CA0-DB584D551D30}.Debug|x86.ActiveCfg = Debug|Any CPU
		{EE408784-64EE-46F6-8CA0-DB584D551D30}.Debug|x86.Build.0 = Debug|Any CPU
		{EE408784-64EE-46F6-8CA0-DB584D551D30}.Release|Any CPU.ActiveCfg = Release|Any CPU
		{EE408784-64EE-46F6-8CA0-DB584D551D30}.Release|Any CPU.Build.0 = Release|Any CPU
		{EE408784-64EE-46F6-8CA0-DB584D551D30}.Release|x64.ActiveCfg = Release|Any CPU
		{EE408784-64EE-46F6-8CA0-DB584D551D30}.Release|x64.Build.0 = Release|Any CPU
		{EE408784-64EE-46F6-8CA0-DB584D551D30}.Release|x86.ActiveCfg = Release|Any CPU
		{EE408784-64EE-46F6-8CA0-DB584D551D30}.Release|x86.Build.0 = Release|Any CPU
		{D7BEDFB2-53F8-4EF5-8BE1-D74AC4B6E17D}.Debug|Any CPU.ActiveCfg = Debug|Any CPU
		{D7BEDFB2-53F8-4EF5-8BE1-D74AC4B6E17D}.Debug|Any CPU.Build.0 = Debug|Any CPU
		{D7BEDFB2-53F8-4EF5-8BE1-D74AC4B6E17D}.Debug|x64.ActiveCfg = Debug|Any CPU
		{D7BEDFB2-53F8-4EF5-8BE1-D74AC4B6E17D}.Debug|x64.Build.0 = Debug|Any CPU
		{D7BEDFB2-53F8-4EF5-8BE1-D74AC4B6E17D}.Debug|x86.ActiveCfg = Debug|Any CPU
		{D7BEDFB2-53F8-4EF5-8BE1-D74AC4B6E17D}.Debug|x86.Build.0 = Debug|Any CPU
		{D7BEDFB2-53F8-4EF5-8BE1-D74AC4B6E17D}.Release|Any CPU.ActiveCfg = Release|Any CPU
		{D7BEDFB2-53F8-4EF5-8BE1-D74AC4B6E17D}.Release|Any CPU.Build.0 = Release|Any CPU
		{D7BEDFB2-53F8-4EF5-8BE1-D74AC4B6E17D}.Release|x64.ActiveCfg = Release|Any CPU
		{D7BEDFB2-53F8-4EF5-8BE1-D74AC4B6E17D}.Release|x64.Build.0 = Release|Any CPU
		{D7BEDFB2-53F8-4EF5-8BE1-D74AC4B6E17D}.Release|x86.ActiveCfg = Release|Any CPU
		{D7BEDFB2-53F8-4EF5-8BE1-D74AC4B6E17D}.Release|x86.Build.0 = Release|Any CPU
		{A4B3EF22-5357-410F-9EB5-45C09A178F85}.Debug|Any CPU.ActiveCfg = Debug|Any CPU
		{A4B3EF22-5357-410F-9EB5-45C09A178F85}.Debug|Any CPU.Build.0 = Debug|Any CPU
		{A4B3EF22-5357-410F-9EB5-45C09A178F85}.Debug|x64.ActiveCfg = Debug|Any CPU
		{A4B3EF22-5357-410F-9EB5-45C09A178F85}.Debug|x64.Build.0 = Debug|Any CPU
		{A4B3EF22-5357-410F-9EB5-45C09A178F85}.Debug|x86.ActiveCfg = Debug|Any CPU
		{A4B3EF22-5357-410F-9EB5-45C09A178F85}.Debug|x86.Build.0 = Debug|Any CPU
		{A4B3EF22-5357-410F-9EB5-45C09A178F85}.Release|Any CPU.ActiveCfg = Release|Any CPU
		{A4B3EF22-5357-410F-9EB5-45C09A178F85}.Release|Any CPU.Build.0 = Release|Any CPU
		{A4B3EF22-5357-410F-9EB5-45C09A178F85}.Release|x64.ActiveCfg = Release|Any CPU
		{A4B3EF22-5357-410F-9EB5-45C09A178F85}.Release|x64.Build.0 = Release|Any CPU
		{A4B3EF22-5357-410F-9EB5-45C09A178F85}.Release|x86.ActiveCfg = Release|Any CPU
		{A4B3EF22-5357-410F-9EB5-45C09A178F85}.Release|x86.Build.0 = Release|Any CPU
		{7FBCC896-D2E2-4C28-AF5F-9DC459155745}.Debug|Any CPU.ActiveCfg = Debug|Any CPU
		{7FBCC896-D2E2-4C28-AF5F-9DC459155745}.Debug|Any CPU.Build.0 = Debug|Any CPU
		{7FBCC896-D2E2-4C28-AF5F-9DC459155745}.Debug|x64.ActiveCfg = Debug|Any CPU
		{7FBCC896-D2E2-4C28-AF5F-9DC459155745}.Debug|x64.Build.0 = Debug|Any CPU
		{7FBCC896-D2E2-4C28-AF5F-9DC459155745}.Debug|x86.ActiveCfg = Debug|Any CPU
		{7FBCC896-D2E2-4C28-AF5F-9DC459155745}.Debug|x86.Build.0 = Debug|Any CPU
		{7FBCC896-D2E2-4C28-AF5F-9DC459155745}.Release|Any CPU.ActiveCfg = Release|Any CPU
		{7FBCC896-D2E2-4C28-AF5F-9DC459155745}.Release|Any CPU.Build.0 = Release|Any CPU
		{7FBCC896-D2E2-4C28-AF5F-9DC459155745}.Release|x64.ActiveCfg = Release|Any CPU
		{7FBCC896-D2E2-4C28-AF5F-9DC459155745}.Release|x64.Build.0 = Release|Any CPU
		{7FBCC896-D2E2-4C28-AF5F-9DC459155745}.Release|x86.ActiveCfg = Release|Any CPU
		{7FBCC896-D2E2-4C28-AF5F-9DC459155745}.Release|x86.Build.0 = Release|Any CPU
		{5EEACEEC-57B6-4468-B326-2432BC635A0F}.Debug|Any CPU.ActiveCfg = Debug|Any CPU
		{5EEACEEC-57B6-4468-B326-2432BC635A0F}.Debug|Any CPU.Build.0 = Debug|Any CPU
		{5EEACEEC-57B6-4468-B326-2432BC635A0F}.Debug|x64.ActiveCfg = Debug|Any CPU
		{5EEACEEC-57B6-4468-B326-2432BC635A0F}.Debug|x64.Build.0 = Debug|Any CPU
		{5EEACEEC-57B6-4468-B326-2432BC635A0F}.Debug|x86.ActiveCfg = Debug|Any CPU
		{5EEACEEC-57B6-4468-B326-2432BC635A0F}.Debug|x86.Build.0 = Debug|Any CPU
		{5EEACEEC-57B6-4468-B326-2432BC635A0F}.Release|Any CPU.ActiveCfg = Release|Any CPU
		{5EEACEEC-57B6-4468-B326-2432BC635A0F}.Release|Any CPU.Build.0 = Release|Any CPU
		{5EEACEEC-57B6-4468-B326-2432BC635A0F}.Release|x64.ActiveCfg = Release|Any CPU
		{5EEACEEC-57B6-4468-B326-2432BC635A0F}.Release|x64.Build.0 = Release|Any CPU
		{5EEACEEC-57B6-4468-B326-2432BC635A0F}.Release|x86.ActiveCfg = Release|Any CPU
		{5EEACEEC-57B6-4468-B326-2432BC635A0F}.Release|x86.Build.0 = Release|Any CPU
		{0599F189-C35C-4B85-A62D-82EBC94B115C}.Debug|Any CPU.ActiveCfg = Debug|Any CPU
		{0599F189-C35C-4B85-A62D-82EBC94B115C}.Debug|Any CPU.Build.0 = Debug|Any CPU
		{0599F189-C35C-4B85-A62D-82EBC94B115C}.Debug|x64.ActiveCfg = Debug|Any CPU
		{0599F189-C35C-4B85-A62D-82EBC94B115C}.Debug|x64.Build.0 = Debug|Any CPU
		{0599F189-C35C-4B85-A62D-82EBC94B115C}.Debug|x86.ActiveCfg = Debug|Any CPU
		{0599F189-C35C-4B85-A62D-82EBC94B115C}.Debug|x86.Build.0 = Debug|Any CPU
		{0599F189-C35C-4B85-A62D-82EBC94B115C}.Release|Any CPU.ActiveCfg = Release|Any CPU
		{0599F189-C35C-4B85-A62D-82EBC94B115C}.Release|Any CPU.Build.0 = Release|Any CPU
		{0599F189-C35C-4B85-A62D-82EBC94B115C}.Release|x64.ActiveCfg = Release|Any CPU
		{0599F189-C35C-4B85-A62D-82EBC94B115C}.Release|x64.Build.0 = Release|Any CPU
		{0599F189-C35C-4B85-A62D-82EBC94B115C}.Release|x86.ActiveCfg = Release|Any CPU
		{0599F189-C35C-4B85-A62D-82EBC94B115C}.Release|x86.Build.0 = Release|Any CPU
	EndGlobalSection
	GlobalSection(SolutionProperties) = preSolution
		HideSolutionNode = FALSE
	EndGlobalSection
	GlobalSection(ExtensibilityGlobals) = postSolution
		SolutionGuid = {D4827D52-FA0F-4E4D-B633-98F1B0459F12}
	EndGlobalSection
EndGlobal
